{
  "message": "This is a placeholder for a fixed package-lock.json. The best way to fix it is by running:",
  "steps": [
    "rm -rf node_modules package-lock.json",
    "npm install",
    "npm ci"
  ],
  "note": "Run the above commands in your project directory to regenerate package-lock.json."
}
